{
  "name": "virto-sdk",
  "lockfileVersion": 3,
  "requires": true,
  "packages": {
    "": {
      "dependencies": {
        "@polkadot-api/substrate-bindings": "^0.14.0"
      }
    },
    "node_modules/@noble/hashes": {
      "version": "1.8.0",
      "resolved": "https://registry.npmjs.org/@noble/hashes/-/hashes-1.8.0.tgz",
      "integrity": "sha512-jCs9ldd7NwzpgXDIf6P3+NrHh9/sD6CQdxHyjQI+h/6rDNo88ypBxxz45UDuZHz9r3tNz7N/VInSVoVdtXEI4A==",
      "license": "MIT",
      "engines": {
        "node": "^14.21.3 || >=16"
      },
      "funding": {
        "url": "https://paulmillr.com/funding/"
      }
    },
    "node_modules/@polkadot-api/substrate-bindings": {
      "version": "0.14.0",
      "resolved": "https://registry.npmjs.org/@polkadot-api/substrate-bindings/-/substrate-bindings-0.14.0.tgz",
      "integrity": "sha512-ZmZnw4IbxCXIqI1thEtQ83WrXwsvkqnbo0S6GRzbmrfZFh2JyVxGckPrMMLPH3ScqGgNJJkEdGGU/jSFffqTCA==",
      "license": "MIT",
      "dependencies": {
        "@noble/hashes": "^1.8.0",
        "@polkadot-api/utils": "0.2.0",
        "@scure/base": "^1.2.6",
        "scale-ts": "^1.6.1"
      }
    },
    "node_modules/@polkadot-api/utils": {
      "version": "0.2.0",
      "resolved": "https://registry.npmjs.org/@polkadot-api/utils/-/utils-0.2.0.tgz",
      "integrity": "sha512-nY3i5fQJoAxU4n3bD7Fs208/KR2J95SGfVc58kDjbRYN5a84kWaGEqzjBNtP9oqht49POM8Bm9mbIrkvC1Bzuw==",
      "license": "MIT"
    },
    "node_modules/@scure/base": {
      "version": "1.2.6",
      "resolved": "https://registry.npmjs.org/@scure/base/-/base-1.2.6.tgz",
      "integrity": "sha512-g/nm5FgUa//MCj1gV09zTJTaM6KBAHqLN907YVQqf7zC49+DcO4B1so4ZX07Ef10Twr6nuqYEH9GEggFXA4Fmg==",
      "license": "MIT",
      "funding": {
        "url": "https://paulmillr.com/funding/"
      }
    },
    "node_modules/scale-ts": {
      "version": "1.6.1",
      "resolved": "https://registry.npmjs.org/scale-ts/-/scale-ts-1.6.1.tgz",
      "integrity": "sha512-PBMc2AWc6wSEqJYBDPcyCLUj9/tMKnLX70jLOSndMtcUoLQucP/DM0vnQo1wJAYjTrQiq8iG9rD0q6wFzgjH7g==",
      "license": "MIT"
    }
  }
}
