{
  "name": "@libwallet-js/tests",
  "lockfileVersion": 2,
  "requires": true,
  "packages": {
    "": {
      "name": "@libwallet-js/tests",
      "dependencies": {
        "libwallet-js": "../pkg"
      }
    },
    "../pkg": {
      "version": "0.1.0"
    },
    "node_modules/libwallet-js": {
      "resolved": "../pkg",
      "link": true
    }
  },
  "dependencies": {
    "libwallet-js": {
      "version": "file:../pkg"
    }
  }
}
